// !$*UTF8*$!
{
	archiveVersion = 1;
	classes = {
	};
	objectVersion = 50;
	objects = {

/* Begin PBXBuildFile section */
		45AA155721A47F5100C0C536 /* AppDelegate.swift in Sources */ = {isa = PBXBuildFile; fileRef = 45AA155621A47F5100C0C536 /* AppDelegate.swift */; };
		45AA155921A47F5100C0C536 /* ViewController.swift in Sources */ = {isa = PBXBuildFile; fileRef = 45AA155821A47F5100C0C536 /* ViewController.swift */; };
		45AA155C21A47F5200C0C536 /* Main.storyboard in Resources */ = {isa = PBXBuildFile; fileRef = 45AA155A21A47F5200C0C536 /* Main.storyboard */; };
		45AA155E21A47F5500C0C536 /* Assets.xcassets in Resources */ = {isa = PBXBuildFile; fileRef = 45AA155D21A47F5500C0C536 /* Assets.xcassets */; };
		45AA156121A47F5500C0C536 /* LaunchScreen.storyboard in Resources */ = {isa = PBXBuildFile; fileRef = 45AA155F21A47F5500C0C536 /* LaunchScreen.storyboard */; };
		45AA15C621A7257A00C0C536 /* PorfileController.swift in Sources */ = {isa = PBXBuildFile; fileRef = 45AA15C521A7257A00C0C536 /* PorfileController.swift */; };
		A139EF5B3903D1CB2D184322 /* Pods_instagram_clone.framework in Frameworks */ = {isa = PBXBuildFile; fileRef = F443AEE0B8EA00572322260F /* Pods_instagram_clone.framework */; };
/* End PBXBuildFile section */

/* Begin PBXFileReference section */
		3B3F627794C8A6DCD19A11F8 /* Pods-instagram clone.debug.xcconfig */ = {isa = PBXFileReference; includeInIndex = 1; lastKnownFileType = text.xcconfig; name = "Pods-instagram clone.debug.xcconfig"; path = "Pods/Target Support Files/Pods-instagram clone/Pods-instagram clone.debug.xcconfig"; sourceTree = "<group>"; };
		45AA155321A47F5100C0C536 /* instagram clone.app */ = {isa = PBXFileReference; explicitFileType = wrapper.application; includeInIndex = 0; path = "instagram clone.app"; sourceTree = BUILT_PRODUCTS_DIR; };
		45AA155621A47F5100C0C536 /* AppDelegate.swift */ = {isa = PBXFileReference; lastKnownFileType = sourcecode.swift; path = AppDelegate.swift; sourceTree = "<group>"; };
		45AA155821A47F5100C0C536 /* ViewController.swift */ = {isa = PBXFileReference; lastKnownFileType = sourcecode.swift; path = ViewController.swift; sourceTree = "<group>"; };
		45AA155B21A47F5200C0C536 /* Base */ = {isa = PBXFileReference; lastKnownFileType = file.storyboard; name = Base; path = Base.lproj/Main.storyboard; sourceTree = "<group>"; };
		45AA155D21A47F5500C0C536 /* Assets.xcassets */ = {isa = PBXFileReference; lastKnownFileType = folder.assetcatalog; path = Assets.xcassets; sourceTree = "<group>"; };
		45AA156021A47F5500C0C536 /* Base */ = {isa = PBXFileReference; lastKnownFileType = file.storyboard; name = Base; path = Base.lproj/LaunchScreen.storyboard; sourceTree = "<group>"; };
		45AA156221A47F5500C0C536 /* Info.plist */ = {isa = PBXFileReference; lastKnownFileType = text.plist.xml; path = Info.plist; sourceTree = "<group>"; };
		45AA15C521A7257A00C0C536 /* PorfileController.swift */ = {isa = PBXFileReference; lastKnownFileType = sourcecode.swift; path = PorfileController.swift; sourceTree = "<group>"; };
		6C5D03E1122799DA8D15B696 /* Pods-instagram clone.release.xcconfig */ = {isa = PBXFileReference; includeInIndex = 1; lastKnownFileType = text.xcconfig; name = "Pods-instagram clone.release.xcconfig"; path = "Pods/Target Support Files/Pods-instagram clone/Pods-instagram clone.release.xcconfig"; sourceTree = "<group>"; };
		F443AEE0B8EA00572322260F /* Pods_instagram_clone.framework */ = {isa = PBXFileReference; explicitFileType = wrapper.framework; includeInIndex = 0; path = Pods_instagram_clone.framework; sourceTree = BUILT_PRODUCTS_DIR; };
/* End PBXFileReference section */

/* Begin PBXFrameworksBuildPhase section */
		45AA155021A47F5100C0C536 /* Frameworks */ = {
			isa = PBXFrameworksBuildPhase;
			buildActionMask = 2147483647;
			files = (
				A139EF5B3903D1CB2D184322 /* Pods_instagram_clone.framework in Frameworks */,
			);
			runOnlyForDeploymentPostprocessing = 0;
		};
/* End PBXFrameworksBuildPhase section */

/* Begin PBXGroup section */
		45AA154A21A47F5100C0C536 = {
			isa = PBXGroup;
			children = (
				45AA155521A47F5100C0C536 /* instagram clone */,
				45AA155421A47F5100C0C536 /* Products */,
				A6DD8B931E2B786C7167D054 /* Pods */,
				FA342E39734FA265FA270FD5 /* Frameworks */,
			);
			sourceTree = "<group>";
		};
		45AA155421A47F5100C0C536 /* Products */ = {
			isa = PBXGroup;
			children = (
				45AA155321A47F5100C0C536 /* instagram clone.app */,
			);
			name = Products;
			sourceTree = "<group>";
		};
		45AA155521A47F5100C0C536 /* instagram clone */ = {
			isa = PBXGroup;
			children = (
				45AA155621A47F5100C0C536 /* AppDelegate.swift */,
				45AA155821A47F5100C0C536 /* ViewController.swift */,
				45AA155A21A47F5200C0C536 /* Main.storyboard */,
				45AA155D21A47F5500C0C536 /* Assets.xcassets */,
				45AA155F21A47F5500C0C536 /* LaunchScreen.storyboard */,
				45AA156221A47F5500C0C536 /* Info.plist */,
				45AA15C521A7257A00C0C536 /* PorfileController.swift */,
			);
			path = "instagram clone";
			sourceTree = "<group>";
		};
		A6DD8B931E2B786C7167D054 /* Pods */ = {
			isa = PBXGroup;
			children = (
				3B3F627794C8A6DCD19A11F8 /* Pods-instagram clone.debug.xcconfig */,
				6C5D03E1122799DA8D15B696 /* Pods-instagram clone.release.xcconfig */,
			);
			name = Pods;
			sourceTree = "<group>";
		};
		FA342E39734FA265FA270FD5 /* Frameworks */ = {
			isa = PBXGroup;
			children = (
				F443AEE0B8EA00572322260F /* Pods_instagram_clone.framework */,
			);
			name = Frameworks;
			sourceTree = "<group>";
		};
/* End PBXGroup section */

/* Begin PBXNativeTarget section */
		45AA155221A47F5100C0C536 /* instagram clone */ = {
			isa = PBXNativeTarget;
			buildConfigurationList = 45AA156521A47F5600C0C536 /* Build configuration list for PBXNativeTarget "instagram clone" */;
			buildPhases = (
				132123E00E97EDBA486C69BD /* [CP] Check Pods Manifest.lock */,
				45AA154F21A47F5100C0C536 /* Sources */,
				45AA155021A47F5100C0C536 /* Frameworks */,
				45AA155121A47F5100C0C536 /* Resources */,
				F5533B056B7839961DE0BCC4 /* [CP] Embed Pods Frameworks */,
			);
			buildRules = (
			);
			dependencies = (
			);
			name = "instagram clone";
			productName = "instagram clone";
			productReference = 45AA155321A47F5100C0C536 /* instagram clone.app */;
			productType = "com.apple.product-type.application";
		};
/* End PBXNativeTarget section */

/* Begin PBXProject section */
		45AA154B21A47F5100C0C536 /* Project object */ = {
			isa = PBXProject;
			attributes = {
				LastSwiftUpdateCheck = 1010;
				LastUpgradeCheck = 1010;
				ORGANIZATIONNAME = "Majid Osman";
				TargetAttributes = {
					45AA155221A47F5100C0C536 = {
						CreatedOnToolsVersion = 10.1;
					};
				};
			};
			buildConfigurationList = 45AA154E21A47F5100C0C536 /* Build configuration list for PBXProject "instagram clone" */;
			compatibilityVersion = "Xcode 9.3";
			developmentRegion = en;
			hasScannedForEncodings = 0;
			knownRegions = (
				en,
				Base,
			);
			mainGroup = 45AA154A21A47F5100C0C536;
			productRefGroup = 45AA155421A47F5100C0C536 /* Products */;
			projectDirPath = "";
			projectRoot = "";
			targets = (
				45AA155221A47F5100C0C536 /* instagram clone */,
			);
		};
/* End PBXProject section */

/* Begin PBXResourcesBuildPhase section */
		45AA155121A47F5100C0C536 /* Resources */ = {
			isa = PBXResourcesBuildPhase;
			buildActionMask = 2147483647;
			files = (
				45AA156121A47F5500C0C536 /* LaunchScreen.storyboard in Resources */,
				45AA155E21A47F5500C0C536 /* Assets.xcassets in Resources */,
				45AA155C21A47F5200C0C536 /* Main.storyboard in Resources */,
			);
			runOnlyForDeploymentPostprocessing = 0;
		};
/* End PBXResourcesBuildPhase section */

/* Begin PBXShellScriptBuildPhase section */
		132123E00E97EDBA486C69BD /* [CP] Check Pods Manifest.lock */ = {
			isa = PBXShellScriptBuildPhase;
			buildActionMask = 2147483647;
			files = (
			);
			inputFileListPaths = (
			);
			inputPaths = (
				"${PODS_PODFILE_DIR_PATH}/Podfile.lock",
				"${PODS_ROOT}/Manifest.lock",
			);
			name = "[CP] Check Pods Manifest.lock";
			outputFileListPaths = (
			);
			outputPaths = (
				"$(DERIVED_FILE_DIR)/Pods-instagram clone-checkManifestLockResult.txt",
			);
			runOnlyForDeploymentPostprocessing = 0;
			shellPath = /bin/sh;
			shellScript = "diff \"${PODS_PODFILE_DIR_PATH}/Podfile.lock\" \"${PODS_ROOT}/Manifest.lock\" > /dev/null\nif [ $? != 0 ] ; then\n    # print error to STDERR\n    echo \"error: The sandbox is not in sync with the Podfile.lock. Run 'pod install' or update your CocoaPods installation.\" >&2\n    exit 1\nfi\n# This output is used by Xcode 'outputs' to avoid re-running this script phase.\necho \"SUCCESS\" > \"${SCRIPT_OUTPUT_FILE_0}\"\n";
			showEnvVarsInLog = 0;
		};
		F5533B056B7839961DE0BCC4 /* [CP] Embed Pods Frameworks */ = {
			isa = PBXShellScriptBuildPhase;
			buildActionMask = 2147483647;
			files = (
			);
			inputFileListPaths = (
			);
			inputPaths = (
				"${SRCROOT}/Pods/Target Support Files/Pods-instagram clone/Pods-instagram clone-frameworks.sh",
				"${BUILT_PRODUCTS_DIR}/LBTAComponents/LBTAComponents.framework",
			);
			name = "[CP] Embed Pods Frameworks";
			outputFileListPaths = (
			);
			outputPaths = (
				"${TARGET_BUILD_DIR}/${FRAMEWORKS_FOLDER_PATH}/LBTAComponents.framework",
			);
			runOnlyForDeploymentPostprocessing = 0;
			shellPath = /bin/sh;
			shellScript = "\"${SRCROOT}/Pods/Target Support Files/Pods-instagram clone/Pods-instagram clone-frameworks.sh\"\n";
			showEnvVarsInLog = 0;
		};
/* End PBXShellScriptBuildPhase section */

/* Begin PBXSourcesBuildPhase section */
		45AA154F21A47F5100C0C536 /* Sources */ = {
			isa = PBXSourcesBuildPhase;
			buildActionMask = 2147483647;
			files = (
				45AA15C621A7257A00C0C536 /* PorfileController.swift in Sources */,
				45AA155921A47F5100C0C536 /* ViewController.swift in Sources */,
				45AA155721A47F5100C0C536 /* AppDelegate.swift in Sources */,
			);
			runOnlyForDeploymentPostprocessing = 0;
		};
/* End PBXSourcesBuildPhase section */

/* Begin PBXVariantGroup section */
		45AA155A21A47F5200C0C536 /* Main.storyboard */ = {
			isa = PBXVariantGroup;
			children = (
				45AA155B21A47F5200C0C536 /* Base */,
			);
			name = Main.storyboard;
			sourceTree = "<group>";
		};
		45AA155F21A47F5500C0C536 /* LaunchScreen.storyboard */ = {
			isa = PBXVariantGroup;
			children = (
				45AA156021A47F5500C0C536 /* Base */,
			);
			name = LaunchScreen.storyboard;
			sourceTree = "<group>";
		};
/* End PBXVariantGroup section */

/* Begin XCBuildConfiguration section */
		45AA156321A47F5500C0C536 /* Debug */ = {
			isa = XCBuildConfiguration;
			buildSettings = {
				ALWAYS_SEARCH_USER_PATHS = NO;
				CLANG_ANALYZER_NONNULL = YES;
				CLANG_ANALYZER_NUMBER_OBJECT_CONVERSION = YES_AGGRESSIVE;
				CLANG_CXX_LANGUAGE_STANDARD = "gnu++14";
				CLANG_CXX_LIBRARY = "libc++";
				CLANG_ENABLE_MODULES = YES;
				CLANG_ENABLE_OBJC_ARC = YES;
				CLANG_ENABLE_OBJC_WEAK = YES;
				CLANG_WARN_BLOCK_CAPTURE_AUTORELEASING = YES;
				CLANG_WARN_BOOL_CONVERSION = YES;
				CLANG_WARN_COMMA = YES;
				CLANG_WARN_CONSTANT_CONVERSION = YES;
				CLANG_WARN_DEPRECATED_OBJC_IMPLEMENTATIONS = YES;
				CLANG_WARN_DIRECT_OBJC_ISA_USAGE = YES_ERROR;
				CLANG_WARN_DOCUMENTATION_COMMENTS = YES;
				CLANG_WARN_EMPTY_BODY = YES;
				CLANG_WARN_ENUM_CONVERSION = YES;
				CLANG_WARN_INFINITE_RECURSION = YES;
				CLANG_WARN_INT_CONVERSION = YES;
				CLANG_WARN_NON_LITERAL_NULL_CONVERSION = YES;
				CLANG_WARN_OBJC_IMPLICIT_RETAIN_SELF = YES;
				CLANG_WARN_OBJC_LITERAL_CONVERSION = YES;
				CLANG_WARN_OBJC_ROOT_CLASS = YES_ERROR;
				CLANG_WARN_RANGE_LOOP_ANALYSIS = YES;
				CLANG_WARN_STRICT_PROTOTYPES = YES;
				CLANG_WARN_SUSPICIOUS_MOVE = YES;
				CLANG_WARN_UNGUARDED_AVAILABILITY = YES_AGGRESSIVE;
				CLANG_WARN_UNREACHABLE_CODE = YES;
				CLANG_WARN__DUPLICATE_METHOD_MATCH = YES;
				CODE_SIGN_IDENTITY = "iPhone Developer";
				COPY_PHASE_STRIP = NO;
				DEBUG_INFORMATION_FORMAT = dwarf;
				ENABLE_STRICT_OBJC_MSGSEND = YES;
				ENABLE_TESTABILITY = YES;
				GCC_C_LANGUAGE_STANDARD = gnu11;
				GCC_DYNAMIC_NO_PIC = NO;
				GCC_NO_COMMON_BLOCKS = YES;
				GCC_OPTIMIZATION_LEVEL = 0;
				GCC_PREPROCESSOR_DEFINITIONS = (
					"DEBUG=1",
					"$(inherited)",
				);
				GCC_WARN_64_TO_32_BIT_CONVERSION = YES;
				GCC_WARN_ABOUT_RETURN_TYPE = YES_ERROR;
				GCC_WARN_UNDECLARED_SELECTOR = YES;
				GCC_WARN_UNINITIALIZED_AUTOS = YES_AGGRESSIVE;
				GCC_WARN_UNUSED_FUNCTION = YES;
				GCC_WARN_UNUSED_VARIABLE = YES;
				IPHONEOS_DEPLOYMENT_TARGET = 12.1;
				MTL_ENABLE_DEBUG_INFO = INCLUDE_SOURCE;
				MTL_FAST_MATH = YES;
				ONLY_ACTIVE_ARCH = YES;
				SDKROOT = iphoneos;
				SWIFT_ACTIVE_COMPILATION_CONDITIONS = DEBUG;
				SWIFT_OPTIMIZATION_LEVEL = "-Onone";
			};
			name = Debug;
		};
		45AA156421A47F5600C0C536 /* Release */ = {
			isa = XCBuildConfiguration;
			buildSettings = {
				ALWAYS_SEARCH_USER_PATHS = NO;
				CLANG_ANALYZER_NONNULL = YES;
				CLANG_ANALYZER_NUMBER_OBJECT_CONVERSION = YES_AGGRESSIVE;
				CLANG_CXX_LANGUAGE_STANDARD = "gnu++14";
				CLANG_CXX_LIBRARY = "libc++";
				CLANG_ENABLE_MODULES = YES;
				CLANG_ENABLE_OBJC_ARC = YES;
				CLANG_ENABLE_OBJC_WEAK = YES;
				CLANG_WARN_BLOCK_CAPTURE_AUTORELEASING = YES;
				CLANG_WARN_BOOL_CONVERSION = YES;
				CLANG_WARN_COMMA = YES;
				CLANG_WARN_CONSTANT_CONVERSION = YES;
				CLANG_WARN_DEPRECATED_OBJC_IMPLEMENTATIONS = YES;
				CLANG_WARN_DIRECT_OBJC_ISA_USAGE = YES_ERROR;
				CLANG_WARN_DOCUMENTATION_COMMENTS = YES;
				CLANG_WARN_EMPTY_BODY = YES;
				CLANG_WARN_ENUM_CONVERSION = YES;
				CLANG_WARN_INFINITE_RECURSION = YES;
				CLANG_WARN_INT_CONVERSION = YES;
				CLANG_WARN_NON_LITERAL_NULL_CONVERSION = YES;
				CLANG_WARN_OBJC_IMPLICIT_RETAIN_SELF = YES;
				CLANG_WARN_OBJC_LITERAL_CONVERSION = YES;
				CLANG_WARN_OBJC_ROOT_CLASS = YES_ERROR;
				CLANG_WARN_RANGE_LOOP_ANALYSIS = YES;
				CLANG_WARN_STRICT_PROTOTYPES = YES;
				CLANG_WARN_SUSPICIOUS_MOVE = YES;
				CLANG_WARN_UNGUARDED_AVAILABILITY = YES_AGGRESSIVE;
				CLANG_WARN_UNREACHABLE_CODE = YES;
				CLANG_WARN__DUPLICATE_METHOD_MATCH = YES;
				CODE_SIGN_IDENTITY = "iPhone Developer";
				COPY_PHASE_STRIP = NO;
				DEBUG_INFORMATION_FORMAT = "dwarf-with-dsym";
				ENABLE_NS_ASSERTIONS = NO;
				ENABLE_STRICT_OBJC_MSGSEND = YES;
				GCC_C_LANGUAGE_STANDARD = gnu11;
				GCC_NO_COMMON_BLOCKS = YES;
				GCC_WARN_64_TO_32_BIT_CONVERSION = YES;
				GCC_WARN_ABOUT_RETURN_TYPE = YES_ERROR;
				GCC_WARN_UNDECLARED_SELECTOR = YES;
				GCC_WARN_UNINITIALIZED_AUTOS = YES_AGGRESSIVE;
				GCC_WARN_UNUSED_FUNCTION = YES;
				GCC_WARN_UNUSED_VARIABLE = YES;
				IPHONEOS_DEPLOYMENT_TARGET = 12.1;
				MTL_ENABLE_DEBUG_INFO = NO;
				MTL_FAST_MATH = YES;
				SDKROOT = iphoneos;
				SWIFT_COMPILATION_MODE = wholemodule;
				SWIFT_OPTIMIZATION_LEVEL = "-O";
				VALIDATE_PRODUCT = YES;
			};
			name = Release;
		};
		45AA156621A47F5600C0C536 /* Debug */ = {
			isa = XCBuildConfiguration;
			baseConfigurationReference = 3B3F627794C8A6DCD19A11F8 /* Pods-instagram clone.debug.xcconfig */;
			buildSettings = {
				ASSETCATALOG_COMPILER_APPICON_NAME = AppIcon;
				CODE_SIGN_STYLE = Automatic;
				INFOPLIST_FILE = "instagram clone/Info.plist";
				LD_RUNPATH_SEARCH_PATHS = (
					"$(inherited)",
					"@executable_path/Frameworks",
				);
				PRODUCT_BUNDLE_IDENTIFIER = "Workshop.instagram-clone";
				PRODUCT_NAME = "$(TARGET_NAME)";
				SWIFT_VERSION = 4.2;
				TARGETED_DEVICE_FAMILY = "1,2";
			};
			name = Debug;
		};
		45AA156721A47F5600C0C536 /* Release */ = {
			isa = XCBuildConfiguration;
			baseConfigurationReference = 6C5D03E1122799DA8D15B696 /* Pods-instagram clone.release.xcconfig */;
			buildSettings = {
				ASSETCATALOG_COMPILER_APPICON_NAME = AppIcon;
				CODE_SIGN_STYLE = Automatic;
				INFOPLIST_FILE = "instagram clone/Info.plist";
				LD_RUNPATH_SEARCH_PATHS = (
					"$(inherited)",
					"@executable_path/Frameworks",
				);
				PRODUCT_BUNDLE_IDENTIFIER = "Workshop.instagram-clone";
				PRODUCT_NAME = "$(TARGET_NAME)";
				SWIFT_VERSION = 4.2;
				TARGETED_DEVICE_FAMILY = "1,2";
			};
			name = Release;
		};
/* End XCBuildConfiguration section */

/* Begin XCConfigurationList section */
		45AA154E21A47F5100C0C536 /* Build configuration list for PBXProject "instagram clone" */ = {
			isa = XCConfigurationList;
			buildConfigurations = (
				45AA156321A47F5500C0C536 /* Debug */,
				45AA156421A47F5600C0C536 /* Release */,
			);
			defaultConfigurationIsVisible = 0;
			defaultConfigurationName = Release;
		};
		45AA156521A47F5600C0C536 /* Build configuration list for PBXNativeTarget "instagram clone" */ = {
			isa = XCConfigurationList;
			buildConfigurations = (
				45AA156621A47F5600C0C536 /* Debug */,
				45AA156721A47F5600C0C536 /* Release */,
			);
			defaultConfigurationIsVisible = 0;
			defaultConfigurationName = Release;
		};
/* End XCConfigurationList section */
	};
	rootObject = 45AA154B21A47F5100C0C536 /* Project object */;
}
